
Microsoft Visual Studio Solution File, Format Version 12.00
# Visual Studio Version 17
VisualStudioVersion = 17.11.35312.102
MinimumVisualStudioVersion = 10.0.40219.1
Project("{8BC9CEB8-8B4A-11D0-8D11-00A0C91BC942}") = "C++ Primer Plus 4.19", "C++ Primer Plus 4.19\C++ Primer Plus 4.19.vcxproj", "{828379D0-19C4-498D-8714-75D41643E95F}"
EndProject
Global
	GlobalSection(SolutionConfigurationPlatforms) = preSolution
		Debug|x64 = Debug|x64
		Debug|x86 = Debug|x86
		Release|x64 = Release|x64
		Release|x86 = Release|x86
	EndGlobalSection
	GlobalSection(ProjectConfigurationPlatforms) = postSolution
		{828379D0-19C4-498D-8714-75D41643E95F}.Debug|x64.ActiveCfg = Debug|x64
		{828379D0-19C4-498D-8714-75D41643E95F}.Debug|x64.Build.0 = Debug|x64
		{828379D0-19C4-498D-8714-75D41643E95F}.Debug|x86.ActiveCfg = Debug|Win32
		{828379D0-19C4-498D-8714-75D41643E95F}.Debug|x86.Build.0 = Debug|Win32
		{828379D0-19C4-498D-8714-75D41643E95F}.Release|x64.ActiveCfg = Release|x64
		{828379D0-19C4-498D-8714-75D41643E95F}.Release|x64.Build.0 = Release|x64
		{828379D0-19C4-498D-8714-75D41643E95F}.Release|x86.ActiveCfg = Release|Win32
		{828379D0-19C4-498D-8714-75D41643E95F}.Release|x86.Build.0 = Release|Win32
	EndGlobalSection
	GlobalSection(SolutionProperties) = preSolution
		HideSolutionNode = FALSE
	EndGlobalSection
	GlobalSection(ExtensibilityGlobals) = postSolution
		SolutionGuid = {EF72FD3E-AB1F-47DB-8002-8B3A9D3D8293}
	EndGlobalSection
EndGlobal
